// !$*UTF8*$!
{
	archiveVersion = 1;
	classes = {
	};
	objectVersion = 55;
	objects = {

/* Begin PBXBuildFile section */
		EC50EA2E53D707BDEAD53905 /* Pods_Swift_Spotify_Clone.framework in Frameworks */ = {isa = PBXBuildFile; fileRef = 6E131DC46E24EBAF9382B254 /* Pods_Swift_Spotify_Clone.framework */; };
		F8054AE62773C6AD00AC1DCC /* NewReleasesResponse.swift in Sources */ = {isa = PBXBuildFile; fileRef = F8054AE52773C6AC00AC1DCC /* NewReleasesResponse.swift */; };
		F8054AE82773C79B00AC1DCC /* ApiImage.swift in Sources */ = {isa = PBXBuildFile; fileRef = F8054AE72773C79B00AC1DCC /* ApiImage.swift */; };
		F8054AEA2773CC9C00AC1DCC /* FeaturedPlaylistsResponse.swift in Sources */ = {isa = PBXBuildFile; fileRef = F8054AE92773CC9C00AC1DCC /* FeaturedPlaylistsResponse.swift */; };
		F8054AEC2773D2EE00AC1DCC /* RecommendedGenresResponse.swift in Sources */ = {isa = PBXBuildFile; fileRef = F8054AEB2773D2EE00AC1DCC /* RecommendedGenresResponse.swift */; };
		F8054AEE2773D5E700AC1DCC /* RecommendatiosResponse.swift in Sources */ = {isa = PBXBuildFile; fileRef = F8054AED2773D5E700AC1DCC /* RecommendatiosResponse.swift */; };
		F813B93D276FD38D0077216F /* AppDelegate.swift in Sources */ = {isa = PBXBuildFile; fileRef = F813B93C276FD38D0077216F /* AppDelegate.swift */; };
		F813B93F276FD38D0077216F /* SceneDelegate.swift in Sources */ = {isa = PBXBuildFile; fileRef = F813B93E276FD38D0077216F /* SceneDelegate.swift */; };
		F813B941276FD38D0077216F /* HomeViewController.swift in Sources */ = {isa = PBXBuildFile; fileRef = F813B940276FD38D0077216F /* HomeViewController.swift */; };
		F813B946276FD38D0077216F /* Assets.xcassets in Resources */ = {isa = PBXBuildFile; fileRef = F813B945276FD38D0077216F /* Assets.xcassets */; };
		F813B949276FD38D0077216F /* LaunchScreen.storyboard in Resources */ = {isa = PBXBuildFile; fileRef = F813B947276FD38D0077216F /* LaunchScreen.storyboard */; };
		F813B958276FD6120077216F /* TabBarViewController.swift in Sources */ = {isa = PBXBuildFile; fileRef = F813B957276FD6120077216F /* TabBarViewController.swift */; };
		F813B95A276FD64B0077216F /* SearchViewController.swift in Sources */ = {isa = PBXBuildFile; fileRef = F813B959276FD64B0077216F /* SearchViewController.swift */; };
		F813B95C276FD6540077216F /* LibraryViewController.swift in Sources */ = {isa = PBXBuildFile; fileRef = F813B95B276FD6540077216F /* LibraryViewController.swift */; };
		F813B960276FD67A0077216F /* AuthViewController.swift in Sources */ = {isa = PBXBuildFile; fileRef = F813B95F276FD67A0077216F /* AuthViewController.swift */; };
		F813B962276FD6870077216F /* WelcomeViewController.swift in Sources */ = {isa = PBXBuildFile; fileRef = F813B961276FD6870077216F /* WelcomeViewController.swift */; };
		F813B964276FD6950077216F /* SettingsViewController.swift in Sources */ = {isa = PBXBuildFile; fileRef = F813B963276FD6950077216F /* SettingsViewController.swift */; };
		F813B966276FD6A00077216F /* ProfileViewController.swift in Sources */ = {isa = PBXBuildFile; fileRef = F813B965276FD6A00077216F /* ProfileViewController.swift */; };
		F813B968276FD6AA0077216F /* PlayerViewController.swift in Sources */ = {isa = PBXBuildFile; fileRef = F813B967276FD6AA0077216F /* PlayerViewController.swift */; };
		F813B96A276FD6C30077216F /* PlaylistViewController.swift in Sources */ = {isa = PBXBuildFile; fileRef = F813B969276FD6C30077216F /* PlaylistViewController.swift */; };
		F813B96C276FD6DE0077216F /* SearchResultsViewController.swift in Sources */ = {isa = PBXBuildFile; fileRef = F813B96B276FD6DE0077216F /* SearchResultsViewController.swift */; };
		F813B96E276FD6F80077216F /* AuthManager.swift in Sources */ = {isa = PBXBuildFile; fileRef = F813B96D276FD6F80077216F /* AuthManager.swift */; };
		F813B970276FD7090077216F /* ApiManager.swift in Sources */ = {isa = PBXBuildFile; fileRef = F813B96F276FD7090077216F /* ApiManager.swift */; };
		F813B972276FD7170077216F /* HapticsManager.swift in Sources */ = {isa = PBXBuildFile; fileRef = F813B971276FD7170077216F /* HapticsManager.swift */; };
		F813B974276FD7330077216F /* Playlist.swift in Sources */ = {isa = PBXBuildFile; fileRef = F813B973276FD7330077216F /* Playlist.swift */; };
		F813B976276FD7400077216F /* AudioTrack.swift in Sources */ = {isa = PBXBuildFile; fileRef = F813B975276FD7400077216F /* AudioTrack.swift */; };
		F813B978276FD7450077216F /* Artist.swift in Sources */ = {isa = PBXBuildFile; fileRef = F813B977276FD7450077216F /* Artist.swift */; };
		F813B97A276FD7590077216F /* UserProfile.swift in Sources */ = {isa = PBXBuildFile; fileRef = F813B979276FD7590077216F /* UserProfile.swift */; };
		F83F305D27726B3200CCEC0E /* SettingsModels.swift in Sources */ = {isa = PBXBuildFile; fileRef = F83F305C27726B3200CCEC0E /* SettingsModels.swift */; };
		F8EDC8E22770FB980027E263 /* Keys.swift in Sources */ = {isa = PBXBuildFile; fileRef = F8EDC8E12770FB980027E263 /* Keys.swift */; };
		F8EDC8E42770FF3D0027E263 /* Extensions.swift in Sources */ = {isa = PBXBuildFile; fileRef = F8EDC8E32770FF3D0027E263 /* Extensions.swift */; };
		F8EDC8E6277116C20027E263 /* AuthResponse.swift in Sources */ = {isa = PBXBuildFile; fileRef = F8EDC8E5277116C20027E263 /* AuthResponse.swift */; };
/* End PBXBuildFile section */

/* Begin PBXFileReference section */
		3B9C36F01A8DB5F4F7B6C2AC /* Pods-Swift Spotify Clone.release.xcconfig */ = {isa = PBXFileReference; includeInIndex = 1; lastKnownFileType = text.xcconfig; name = "Pods-Swift Spotify Clone.release.xcconfig"; path = "Target Support Files/Pods-Swift Spotify Clone/Pods-Swift Spotify Clone.release.xcconfig"; sourceTree = "<group>"; };
		658C6FADAEF4ECE60A5D293A /* Pods-Swift Spotify Clone.debug.xcconfig */ = {isa = PBXFileReference; includeInIndex = 1; lastKnownFileType = text.xcconfig; name = "Pods-Swift Spotify Clone.debug.xcconfig"; path = "Target Support Files/Pods-Swift Spotify Clone/Pods-Swift Spotify Clone.debug.xcconfig"; sourceTree = "<group>"; };
		6E131DC46E24EBAF9382B254 /* Pods_Swift_Spotify_Clone.framework */ = {isa = PBXFileReference; explicitFileType = wrapper.framework; includeInIndex = 0; path = Pods_Swift_Spotify_Clone.framework; sourceTree = BUILT_PRODUCTS_DIR; };
		F8054AE52773C6AC00AC1DCC /* NewReleasesResponse.swift */ = {isa = PBXFileReference; lastKnownFileType = sourcecode.swift; path = NewReleasesResponse.swift; sourceTree = "<group>"; };
		F8054AE72773C79B00AC1DCC /* ApiImage.swift */ = {isa = PBXFileReference; lastKnownFileType = sourcecode.swift; path = ApiImage.swift; sourceTree = "<group>"; };
		F8054AE92773CC9C00AC1DCC /* FeaturedPlaylistsResponse.swift */ = {isa = PBXFileReference; lastKnownFileType = sourcecode.swift; path = FeaturedPlaylistsResponse.swift; sourceTree = "<group>"; };
		F8054AEB2773D2EE00AC1DCC /* RecommendedGenresResponse.swift */ = {isa = PBXFileReference; lastKnownFileType = sourcecode.swift; path = RecommendedGenresResponse.swift; sourceTree = "<group>"; };
		F8054AED2773D5E700AC1DCC /* RecommendatiosResponse.swift */ = {isa = PBXFileReference; lastKnownFileType = sourcecode.swift; path = RecommendatiosResponse.swift; sourceTree = "<group>"; };
		F813B939276FD38D0077216F /* Swift Spotify Clone.app */ = {isa = PBXFileReference; explicitFileType = wrapper.application; includeInIndex = 0; path = "Swift Spotify Clone.app"; sourceTree = BUILT_PRODUCTS_DIR; };
		F813B93C276FD38D0077216F /* AppDelegate.swift */ = {isa = PBXFileReference; lastKnownFileType = sourcecode.swift; path = AppDelegate.swift; sourceTree = "<group>"; };
		F813B93E276FD38D0077216F /* SceneDelegate.swift */ = {isa = PBXFileReference; lastKnownFileType = sourcecode.swift; path = SceneDelegate.swift; sourceTree = "<group>"; };
		F813B940276FD38D0077216F /* HomeViewController.swift */ = {isa = PBXFileReference; lastKnownFileType = sourcecode.swift; path = HomeViewController.swift; sourceTree = "<group>"; };
		F813B945276FD38D0077216F /* Assets.xcassets */ = {isa = PBXFileReference; lastKnownFileType = folder.assetcatalog; path = Assets.xcassets; sourceTree = "<group>"; };
		F813B948276FD38D0077216F /* Base */ = {isa = PBXFileReference; lastKnownFileType = file.storyboard; name = Base; path = Base.lproj/LaunchScreen.storyboard; sourceTree = "<group>"; };
		F813B94A276FD38D0077216F /* Info.plist */ = {isa = PBXFileReference; lastKnownFileType = text.plist.xml; path = Info.plist; sourceTree = "<group>"; };
		F813B957276FD6120077216F /* TabBarViewController.swift */ = {isa = PBXFileReference; lastKnownFileType = sourcecode.swift; path = TabBarViewController.swift; sourceTree = "<group>"; };
		F813B959276FD64B0077216F /* SearchViewController.swift */ = {isa = PBXFileReference; lastKnownFileType = sourcecode.swift; path = SearchViewController.swift; sourceTree = "<group>"; };
		F813B95B276FD6540077216F /* LibraryViewController.swift */ = {isa = PBXFileReference; lastKnownFileType = sourcecode.swift; path = LibraryViewController.swift; sourceTree = "<group>"; };
		F813B95F276FD67A0077216F /* AuthViewController.swift */ = {isa = PBXFileReference; lastKnownFileType = sourcecode.swift; path = AuthViewController.swift; sourceTree = "<group>"; };
		F813B961276FD6870077216F /* WelcomeViewController.swift */ = {isa = PBXFileReference; lastKnownFileType = sourcecode.swift; path = WelcomeViewController.swift; sourceTree = "<group>"; };
		F813B963276FD6950077216F /* SettingsViewController.swift */ = {isa = PBXFileReference; lastKnownFileType = sourcecode.swift; path = SettingsViewController.swift; sourceTree = "<group>"; };
		F813B965276FD6A00077216F /* ProfileViewController.swift */ = {isa = PBXFileReference; lastKnownFileType = sourcecode.swift; path = ProfileViewController.swift; sourceTree = "<group>"; };
		F813B967276FD6AA0077216F /* PlayerViewController.swift */ = {isa = PBXFileReference; lastKnownFileType = sourcecode.swift; path = PlayerViewController.swift; sourceTree = "<group>"; };
		F813B969276FD6C30077216F /* PlaylistViewController.swift */ = {isa = PBXFileReference; lastKnownFileType = sourcecode.swift; path = PlaylistViewController.swift; sourceTree = "<group>"; };
		F813B96B276FD6DE0077216F /* SearchResultsViewController.swift */ = {isa = PBXFileReference; lastKnownFileType = sourcecode.swift; path = SearchResultsViewController.swift; sourceTree = "<group>"; };
		F813B96D276FD6F80077216F /* AuthManager.swift */ = {isa = PBXFileReference; lastKnownFileType = sourcecode.swift; path = AuthManager.swift; sourceTree = "<group>"; };
		F813B96F276FD7090077216F /* ApiManager.swift */ = {isa = PBXFileReference; lastKnownFileType = sourcecode.swift; path = ApiManager.swift; sourceTree = "<group>"; };
		F813B971276FD7170077216F /* HapticsManager.swift */ = {isa = PBXFileReference; lastKnownFileType = sourcecode.swift; path = HapticsManager.swift; sourceTree = "<group>"; };
		F813B973276FD7330077216F /* Playlist.swift */ = {isa = PBXFileReference; lastKnownFileType = sourcecode.swift; path = Playlist.swift; sourceTree = "<group>"; };
		F813B975276FD7400077216F /* AudioTrack.swift */ = {isa = PBXFileReference; lastKnownFileType = sourcecode.swift; path = AudioTrack.swift; sourceTree = "<group>"; };
		F813B977276FD7450077216F /* Artist.swift */ = {isa = PBXFileReference; lastKnownFileType = sourcecode.swift; path = Artist.swift; sourceTree = "<group>"; };
		F813B979276FD7590077216F /* UserProfile.swift */ = {isa = PBXFileReference; lastKnownFileType = sourcecode.swift; path = UserProfile.swift; sourceTree = "<group>"; };
		F83F305C27726B3200CCEC0E /* SettingsModels.swift */ = {isa = PBXFileReference; lastKnownFileType = sourcecode.swift; path = SettingsModels.swift; sourceTree = "<group>"; };
		F8EDC8E12770FB980027E263 /* Keys.swift */ = {isa = PBXFileReference; lastKnownFileType = sourcecode.swift; path = Keys.swift; sourceTree = "<group>"; };
		F8EDC8E32770FF3D0027E263 /* Extensions.swift */ = {isa = PBXFileReference; lastKnownFileType = sourcecode.swift; path = Extensions.swift; sourceTree = "<group>"; };
		F8EDC8E5277116C20027E263 /* AuthResponse.swift */ = {isa = PBXFileReference; lastKnownFileType = sourcecode.swift; path = AuthResponse.swift; sourceTree = "<group>"; };
/* End PBXFileReference section */

/* Begin PBXFrameworksBuildPhase section */
		F813B936276FD38D0077216F /* Frameworks */ = {
			isa = PBXFrameworksBuildPhase;
			buildActionMask = 2147483647;
			files = (
				EC50EA2E53D707BDEAD53905 /* Pods_Swift_Spotify_Clone.framework in Frameworks */,
			);
			runOnlyForDeploymentPostprocessing = 0;
		};
/* End PBXFrameworksBuildPhase section */

/* Begin PBXGroup section */
		AFAC0A268BF17DCA469527C8 /* Pods */ = {
			isa = PBXGroup;
			children = (
				658C6FADAEF4ECE60A5D293A /* Pods-Swift Spotify Clone.debug.xcconfig */,
				3B9C36F01A8DB5F4F7B6C2AC /* Pods-Swift Spotify Clone.release.xcconfig */,
			);
			path = Pods;
			sourceTree = "<group>";
		};
		DD5E3B30B607CD3770AE038A /* Frameworks */ = {
			isa = PBXGroup;
			children = (
				6E131DC46E24EBAF9382B254 /* Pods_Swift_Spotify_Clone.framework */,
			);
			name = Frameworks;
			sourceTree = "<group>";
		};
		F813B930276FD38D0077216F = {
			isa = PBXGroup;
			children = (
				F813B93B276FD38D0077216F /* Swift Spotify Clone */,
				F813B93A276FD38D0077216F /* Products */,
				AFAC0A268BF17DCA469527C8 /* Pods */,
				DD5E3B30B607CD3770AE038A /* Frameworks */,
			);
			sourceTree = "<group>";
		};
		F813B93A276FD38D0077216F /* Products */ = {
			isa = PBXGroup;
			children = (
				F813B939276FD38D0077216F /* Swift Spotify Clone.app */,
			);
			name = Products;
			sourceTree = "<group>";
		};
		F813B93B276FD38D0077216F /* Swift Spotify Clone */ = {
			isa = PBXGroup;
			children = (
				F8EDC8E02770FB8F0027E263 /* Keys */,
				F813B955276FD49F0077216F /* Resources */,
				F813B954276FD49A0077216F /* Managers */,
				F813B953276FD48E0077216F /* ViewModels */,
				F813B952276FD4890077216F /* Models */,
				F813B951276FD4840077216F /* Views */,
				F813B950276FD47D0077216F /* Controllers */,
				F813B94A276FD38D0077216F /* Info.plist */,
			);
			path = "Swift Spotify Clone";
			sourceTree = "<group>";
		};
		F813B950276FD47D0077216F /* Controllers */ = {
			isa = PBXGroup;
			children = (
				F813B95E276FD6680077216F /* Other */,
				F813B95D276FD65F0077216F /* Core */,
			);
			path = Controllers;
			sourceTree = "<group>";
		};
		F813B951276FD4840077216F /* Views */ = {
			isa = PBXGroup;
			children = (
				F813B956276FD4BD0077216F /* Storyboards */,
			);
			path = Views;
			sourceTree = "<group>";
		};
		F813B952276FD4890077216F /* Models */ = {
			isa = PBXGroup;
			children = (
				F813B973276FD7330077216F /* Playlist.swift */,
				F813B975276FD7400077216F /* AudioTrack.swift */,
				F813B977276FD7450077216F /* Artist.swift */,
				F813B979276FD7590077216F /* UserProfile.swift */,
				F8EDC8E5277116C20027E263 /* AuthResponse.swift */,
				F83F305C27726B3200CCEC0E /* SettingsModels.swift */,
				F8054AE52773C6AC00AC1DCC /* NewReleasesResponse.swift */,
				F8054AE72773C79B00AC1DCC /* ApiImage.swift */,
				F8054AE92773CC9C00AC1DCC /* FeaturedPlaylistsResponse.swift */,
				F8054AEB2773D2EE00AC1DCC /* RecommendedGenresResponse.swift */,
				F8054AED2773D5E700AC1DCC /* RecommendatiosResponse.swift */,
			);
			path = Models;
			sourceTree = "<group>";
		};
		F813B953276FD48E0077216F /* ViewModels */ = {
			isa = PBXGroup;
			children = (
			);
			path = ViewModels;
			sourceTree = "<group>";
		};
		F813B954276FD49A0077216F /* Managers */ = {
			isa = PBXGroup;
			children = (
				F813B96D276FD6F80077216F /* AuthManager.swift */,
				F813B96F276FD7090077216F /* ApiManager.swift */,
				F813B971276FD7170077216F /* HapticsManager.swift */,
			);
			path = Managers;
			sourceTree = "<group>";
		};
		F813B955276FD49F0077216F /* Resources */ = {
			isa = PBXGroup;
			children = (
				F813B93C276FD38D0077216F /* AppDelegate.swift */,
				F813B93E276FD38D0077216F /* SceneDelegate.swift */,
				F813B945276FD38D0077216F /* Assets.xcassets */,
				F8EDC8E32770FF3D0027E263 /* Extensions.swift */,
			);
			path = Resources;
			sourceTree = "<group>";
		};
		F813B956276FD4BD0077216F /* Storyboards */ = {
			isa = PBXGroup;
			children = (
				F813B947276FD38D0077216F /* LaunchScreen.storyboard */,
			);
			path = Storyboards;
			sourceTree = "<group>";
		};
		F813B95D276FD65F0077216F /* Core */ = {
			isa = PBXGroup;
			children = (
				F813B957276FD6120077216F /* TabBarViewController.swift */,
				F813B940276FD38D0077216F /* HomeViewController.swift */,
				F813B959276FD64B0077216F /* SearchViewController.swift */,
				F813B95B276FD6540077216F /* LibraryViewController.swift */,
			);
			path = Core;
			sourceTree = "<group>";
		};
		F813B95E276FD6680077216F /* Other */ = {
			isa = PBXGroup;
			children = (
				F813B95F276FD67A0077216F /* AuthViewController.swift */,
				F813B961276FD6870077216F /* WelcomeViewController.swift */,
				F813B963276FD6950077216F /* SettingsViewController.swift */,
				F813B965276FD6A00077216F /* ProfileViewController.swift */,
				F813B967276FD6AA0077216F /* PlayerViewController.swift */,
				F813B969276FD6C30077216F /* PlaylistViewController.swift */,
				F813B96B276FD6DE0077216F /* SearchResultsViewController.swift */,
			);
			path = Other;
			sourceTree = "<group>";
		};
		F8EDC8E02770FB8F0027E263 /* Keys */ = {
			isa = PBXGroup;
			children = (
				F8EDC8E12770FB980027E263 /* Keys.swift */,
			);
			path = Keys;
			sourceTree = "<group>";
		};
/* End PBXGroup section */

/* Begin PBXNativeTarget section */
		F813B938276FD38D0077216F /* Swift Spotify Clone */ = {
			isa = PBXNativeTarget;
			buildConfigurationList = F813B94D276FD38D0077216F /* Build configuration list for PBXNativeTarget "Swift Spotify Clone" */;
			buildPhases = (
				295DCBAD0D4C9A9F0A7B3FCE /* [CP] Check Pods Manifest.lock */,
				F813B935276FD38D0077216F /* Sources */,
				F813B936276FD38D0077216F /* Frameworks */,
				F813B937276FD38D0077216F /* Resources */,
				6215DA9C7FB6B9B1730E9D28 /* [CP] Embed Pods Frameworks */,
			);
			buildRules = (
			);
			dependencies = (
			);
			name = "Swift Spotify Clone";
			productName = "Swift Spotify Clone";
			productReference = F813B939276FD38D0077216F /* Swift Spotify Clone.app */;
			productType = "com.apple.product-type.application";
		};
/* End PBXNativeTarget section */

/* Begin PBXProject section */
		F813B931276FD38D0077216F /* Project object */ = {
			isa = PBXProject;
			attributes = {
				BuildIndependentTargetsInParallel = 1;
				LastSwiftUpdateCheck = 1310;
				LastUpgradeCheck = 1310;
				TargetAttributes = {
					F813B938276FD38D0077216F = {
						CreatedOnToolsVersion = 13.1;
					};
				};
			};
			buildConfigurationList = F813B934276FD38D0077216F /* Build configuration list for PBXProject "Swift Spotify Clone" */;
			compatibilityVersion = "Xcode 13.0";
			developmentRegion = en;
			hasScannedForEncodings = 0;
			knownRegions = (
				en,
				Base,
			);
			mainGroup = F813B930276FD38D0077216F;
			productRefGroup = F813B93A276FD38D0077216F /* Products */;
			projectDirPath = "";
			projectRoot = "";
			targets = (
				F813B938276FD38D0077216F /* Swift Spotify Clone */,
			);
		};
/* End PBXProject section */

/* Begin PBXResourcesBuildPhase section */
		F813B937276FD38D0077216F /* Resources */ = {
			isa = PBXResourcesBuildPhase;
			buildActionMask = 2147483647;
			files = (
				F813B949276FD38D0077216F /* LaunchScreen.storyboard in Resources */,
				F813B946276FD38D0077216F /* Assets.xcassets in Resources */,
			);
			runOnlyForDeploymentPostprocessing = 0;
		};
/* End PBXResourcesBuildPhase section */

/* Begin PBXShellScriptBuildPhase section */
		295DCBAD0D4C9A9F0A7B3FCE /* [CP] Check Pods Manifest.lock */ = {
			isa = PBXShellScriptBuildPhase;
			buildActionMask = 2147483647;
			files = (
			);
			inputFileListPaths = (
			);
			inputPaths = (
				"${PODS_PODFILE_DIR_PATH}/Podfile.lock",
				"${PODS_ROOT}/Manifest.lock",
			);
			name = "[CP] Check Pods Manifest.lock";
			outputFileListPaths = (
			);
			outputPaths = (
				"$(DERIVED_FILE_DIR)/Pods-Swift Spotify Clone-checkManifestLockResult.txt",
			);
			runOnlyForDeploymentPostprocessing = 0;
			shellPath = /bin/sh;
			shellScript = "diff \"${PODS_PODFILE_DIR_PATH}/Podfile.lock\" \"${PODS_ROOT}/Manifest.lock\" > /dev/null\nif [ $? != 0 ] ; then\n    # print error to STDERR\n    echo \"error: The sandbox is not in sync with the Podfile.lock. Run 'pod install' or update your CocoaPods installation.\" >&2\n    exit 1\nfi\n# This output is used by Xcode 'outputs' to avoid re-running this script phase.\necho \"SUCCESS\" > \"${SCRIPT_OUTPUT_FILE_0}\"\n";
			showEnvVarsInLog = 0;
		};
		6215DA9C7FB6B9B1730E9D28 /* [CP] Embed Pods Frameworks */ = {
			isa = PBXShellScriptBuildPhase;
			buildActionMask = 2147483647;
			files = (
			);
			inputFileListPaths = (
				"${PODS_ROOT}/Target Support Files/Pods-Swift Spotify Clone/Pods-Swift Spotify Clone-frameworks-${CONFIGURATION}-input-files.xcfilelist",
			);
			name = "[CP] Embed Pods Frameworks";
			outputFileListPaths = (
				"${PODS_ROOT}/Target Support Files/Pods-Swift Spotify Clone/Pods-Swift Spotify Clone-frameworks-${CONFIGURATION}-output-files.xcfilelist",
			);
			runOnlyForDeploymentPostprocessing = 0;
			shellPath = /bin/sh;
			shellScript = "\"${PODS_ROOT}/Target Support Files/Pods-Swift Spotify Clone/Pods-Swift Spotify Clone-frameworks.sh\"\n";
			showEnvVarsInLog = 0;
		};
/* End PBXShellScriptBuildPhase section */

/* Begin PBXSourcesBuildPhase section */
		F813B935276FD38D0077216F /* Sources */ = {
			isa = PBXSourcesBuildPhase;
			buildActionMask = 2147483647;
			files = (
				F83F305D27726B3200CCEC0E /* SettingsModels.swift in Sources */,
				F813B95A276FD64B0077216F /* SearchViewController.swift in Sources */,
				F813B974276FD7330077216F /* Playlist.swift in Sources */,
				F813B96E276FD6F80077216F /* AuthManager.swift in Sources */,
				F8054AEC2773D2EE00AC1DCC /* RecommendedGenresResponse.swift in Sources */,
				F8054AEE2773D5E700AC1DCC /* RecommendatiosResponse.swift in Sources */,
				F813B96C276FD6DE0077216F /* SearchResultsViewController.swift in Sources */,
				F8EDC8E22770FB980027E263 /* Keys.swift in Sources */,
				F8054AE82773C79B00AC1DCC /* ApiImage.swift in Sources */,
				F813B962276FD6870077216F /* WelcomeViewController.swift in Sources */,
				F8054AE62773C6AD00AC1DCC /* NewReleasesResponse.swift in Sources */,
				F813B966276FD6A00077216F /* ProfileViewController.swift in Sources */,
				F813B958276FD6120077216F /* TabBarViewController.swift in Sources */,
				F813B972276FD7170077216F /* HapticsManager.swift in Sources */,
				F8EDC8E42770FF3D0027E263 /* Extensions.swift in Sources */,
				F813B976276FD7400077216F /* AudioTrack.swift in Sources */,
				F813B941276FD38D0077216F /* HomeViewController.swift in Sources */,
				F813B970276FD7090077216F /* ApiManager.swift in Sources */,
				F813B960276FD67A0077216F /* AuthViewController.swift in Sources */,
				F813B97A276FD7590077216F /* UserProfile.swift in Sources */,
				F813B93D276FD38D0077216F /* AppDelegate.swift in Sources */,
				F813B978276FD7450077216F /* Artist.swift in Sources */,
				F813B95C276FD6540077216F /* LibraryViewController.swift in Sources */,
				F813B96A276FD6C30077216F /* PlaylistViewController.swift in Sources */,
				F8054AEA2773CC9C00AC1DCC /* FeaturedPlaylistsResponse.swift in Sources */,
				F813B93F276FD38D0077216F /* SceneDelegate.swift in Sources */,
				F813B968276FD6AA0077216F /* PlayerViewController.swift in Sources */,
				F8EDC8E6277116C20027E263 /* AuthResponse.swift in Sources */,
				F813B964276FD6950077216F /* SettingsViewController.swift in Sources */,
			);
			runOnlyForDeploymentPostprocessing = 0;
		};
/* End PBXSourcesBuildPhase section */

/* Begin PBXVariantGroup section */
		F813B947276FD38D0077216F /* LaunchScreen.storyboard */ = {
			isa = PBXVariantGroup;
			children = (
				F813B948276FD38D0077216F /* Base */,
			);
			name = LaunchScreen.storyboard;
			sourceTree = "<group>";
		};
/* End PBXVariantGroup section */

/* Begin XCBuildConfiguration section */
		F813B94B276FD38D0077216F /* Debug */ = {
			isa = XCBuildConfiguration;
			buildSettings = {
				ALWAYS_SEARCH_USER_PATHS = NO;
				CLANG_ANALYZER_NONNULL = YES;
				CLANG_ANALYZER_NUMBER_OBJECT_CONVERSION = YES_AGGRESSIVE;
				CLANG_CXX_LANGUAGE_STANDARD = "gnu++17";
				CLANG_CXX_LIBRARY = "libc++";
				CLANG_ENABLE_MODULES = YES;
				CLANG_ENABLE_OBJC_ARC = YES;
				CLANG_ENABLE_OBJC_WEAK = YES;
				CLANG_WARN_BLOCK_CAPTURE_AUTORELEASING = YES;
				CLANG_WARN_BOOL_CONVERSION = YES;
				CLANG_WARN_COMMA = YES;
				CLANG_WARN_CONSTANT_CONVERSION = YES;
				CLANG_WARN_DEPRECATED_OBJC_IMPLEMENTATIONS = YES;
				CLANG_WARN_DIRECT_OBJC_ISA_USAGE = YES_ERROR;
				CLANG_WARN_DOCUMENTATION_COMMENTS = YES;
				CLANG_WARN_EMPTY_BODY = YES;
				CLANG_WARN_ENUM_CONVERSION = YES;
				CLANG_WARN_INFINITE_RECURSION = YES;
				CLANG_WARN_INT_CONVERSION = YES;
				CLANG_WARN_NON_LITERAL_NULL_CONVERSION = YES;
				CLANG_WARN_OBJC_IMPLICIT_RETAIN_SELF = YES;
				CLANG_WARN_OBJC_LITERAL_CONVERSION = YES;
				CLANG_WARN_OBJC_ROOT_CLASS = YES_ERROR;
				CLANG_WARN_QUOTED_INCLUDE_IN_FRAMEWORK_HEADER = YES;
				CLANG_WARN_RANGE_LOOP_ANALYSIS = YES;
				CLANG_WARN_STRICT_PROTOTYPES = YES;
				CLANG_WARN_SUSPICIOUS_MOVE = YES;
				CLANG_WARN_UNGUARDED_AVAILABILITY = YES_AGGRESSIVE;
				CLANG_WARN_UNREACHABLE_CODE = YES;
				CLANG_WARN__DUPLICATE_METHOD_MATCH = YES;
				COPY_PHASE_STRIP = NO;
				DEBUG_INFORMATION_FORMAT = dwarf;
				ENABLE_STRICT_OBJC_MSGSEND = YES;
				ENABLE_TESTABILITY = YES;
				GCC_C_LANGUAGE_STANDARD = gnu11;
				GCC_DYNAMIC_NO_PIC = NO;
				GCC_NO_COMMON_BLOCKS = YES;
				GCC_OPTIMIZATION_LEVEL = 0;
				GCC_PREPROCESSOR_DEFINITIONS = (
					"DEBUG=1",
					"$(inherited)",
				);
				GCC_WARN_64_TO_32_BIT_CONVERSION = YES;
				GCC_WARN_ABOUT_RETURN_TYPE = YES_ERROR;
				GCC_WARN_UNDECLARED_SELECTOR = YES;
				GCC_WARN_UNINITIALIZED_AUTOS = YES_AGGRESSIVE;
				GCC_WARN_UNUSED_FUNCTION = YES;
				GCC_WARN_UNUSED_VARIABLE = YES;
				IPHONEOS_DEPLOYMENT_TARGET = 15.0;
				MTL_ENABLE_DEBUG_INFO = INCLUDE_SOURCE;
				MTL_FAST_MATH = YES;
				ONLY_ACTIVE_ARCH = YES;
				SDKROOT = iphoneos;
				SWIFT_ACTIVE_COMPILATION_CONDITIONS = DEBUG;
				SWIFT_OPTIMIZATION_LEVEL = "-Onone";
			};
			name = Debug;
		};
		F813B94C276FD38D0077216F /* Release */ = {
			isa = XCBuildConfiguration;
			buildSettings = {
				ALWAYS_SEARCH_USER_PATHS = NO;
				CLANG_ANALYZER_NONNULL = YES;
				CLANG_ANALYZER_NUMBER_OBJECT_CONVERSION = YES_AGGRESSIVE;
				CLANG_CXX_LANGUAGE_STANDARD = "gnu++17";
				CLANG_CXX_LIBRARY = "libc++";
				CLANG_ENABLE_MODULES = YES;
				CLANG_ENABLE_OBJC_ARC = YES;
				CLANG_ENABLE_OBJC_WEAK = YES;
				CLANG_WARN_BLOCK_CAPTURE_AUTORELEASING = YES;
				CLANG_WARN_BOOL_CONVERSION = YES;
				CLANG_WARN_COMMA = YES;
				CLANG_WARN_CONSTANT_CONVERSION = YES;
				CLANG_WARN_DEPRECATED_OBJC_IMPLEMENTATIONS = YES;
				CLANG_WARN_DIRECT_OBJC_ISA_USAGE = YES_ERROR;
				CLANG_WARN_DOCUMENTATION_COMMENTS = YES;
				CLANG_WARN_EMPTY_BODY = YES;
				CLANG_WARN_ENUM_CONVERSION = YES;
				CLANG_WARN_INFINITE_RECURSION = YES;
				CLANG_WARN_INT_CONVERSION = YES;
				CLANG_WARN_NON_LITERAL_NULL_CONVERSION = YES;
				CLANG_WARN_OBJC_IMPLICIT_RETAIN_SELF = YES;
				CLANG_WARN_OBJC_LITERAL_CONVERSION = YES;
				CLANG_WARN_OBJC_ROOT_CLASS = YES_ERROR;
				CLANG_WARN_QUOTED_INCLUDE_IN_FRAMEWORK_HEADER = YES;
				CLANG_WARN_RANGE_LOOP_ANALYSIS = YES;
				CLANG_WARN_STRICT_PROTOTYPES = YES;
				CLANG_WARN_SUSPICIOUS_MOVE = YES;
				CLANG_WARN_UNGUARDED_AVAILABILITY = YES_AGGRESSIVE;
				CLANG_WARN_UNREACHABLE_CODE = YES;
				CLANG_WARN__DUPLICATE_METHOD_MATCH = YES;
				COPY_PHASE_STRIP = NO;
				DEBUG_INFORMATION_FORMAT = "dwarf-with-dsym";
				ENABLE_NS_ASSERTIONS = NO;
				ENABLE_STRICT_OBJC_MSGSEND = YES;
				GCC_C_LANGUAGE_STANDARD = gnu11;
				GCC_NO_COMMON_BLOCKS = YES;
				GCC_WARN_64_TO_32_BIT_CONVERSION = YES;
				GCC_WARN_ABOUT_RETURN_TYPE = YES_ERROR;
				GCC_WARN_UNDECLARED_SELECTOR = YES;
				GCC_WARN_UNINITIALIZED_AUTOS = YES_AGGRESSIVE;
				GCC_WARN_UNUSED_FUNCTION = YES;
				GCC_WARN_UNUSED_VARIABLE = YES;
				IPHONEOS_DEPLOYMENT_TARGET = 15.0;
				MTL_ENABLE_DEBUG_INFO = NO;
				MTL_FAST_MATH = YES;
				SDKROOT = iphoneos;
				SWIFT_COMPILATION_MODE = wholemodule;
				SWIFT_OPTIMIZATION_LEVEL = "-O";
				VALIDATE_PRODUCT = YES;
			};
			name = Release;
		};
		F813B94E276FD38D0077216F /* Debug */ = {
			isa = XCBuildConfiguration;
			baseConfigurationReference = 658C6FADAEF4ECE60A5D293A /* Pods-Swift Spotify Clone.debug.xcconfig */;
			buildSettings = {
				ASSETCATALOG_COMPILER_APPICON_NAME = AppIcon;
				ASSETCATALOG_COMPILER_GLOBAL_ACCENT_COLOR_NAME = AccentColor;
				CODE_SIGN_STYLE = Automatic;
				CURRENT_PROJECT_VERSION = 1;
				DEVELOPMENT_TEAM = X9KNWKJCG9;
				GENERATE_INFOPLIST_FILE = YES;
				INFOPLIST_FILE = "Swift Spotify Clone/Info.plist";
				INFOPLIST_KEY_UIApplicationSupportsIndirectInputEvents = YES;
				INFOPLIST_KEY_UILaunchStoryboardName = LaunchScreen;
				INFOPLIST_KEY_UISupportedInterfaceOrientations_iPad = "UIInterfaceOrientationPortrait UIInterfaceOrientationPortraitUpsideDown UIInterfaceOrientationLandscapeLeft UIInterfaceOrientationLandscapeRight";
				INFOPLIST_KEY_UISupportedInterfaceOrientations_iPhone = "UIInterfaceOrientationPortrait UIInterfaceOrientationLandscapeLeft UIInterfaceOrientationLandscapeRight";
				IPHONEOS_DEPLOYMENT_TARGET = 13.0;
				LD_RUNPATH_SEARCH_PATHS = (
					"$(inherited)",
					"@executable_path/Frameworks",
				);
				MARKETING_VERSION = 1.0;
				PRODUCT_BUNDLE_IDENTIFIER = "com.efimov.spotify.clone.app.Swift-Spotify-Clone";
				PRODUCT_NAME = "$(TARGET_NAME)";
				SWIFT_EMIT_LOC_STRINGS = YES;
				SWIFT_VERSION = 5.0;
				TARGETED_DEVICE_FAMILY = "1,2";
			};
			name = Debug;
		};
		F813B94F276FD38D0077216F /* Release */ = {
			isa = XCBuildConfiguration;
			baseConfigurationReference = 3B9C36F01A8DB5F4F7B6C2AC /* Pods-Swift Spotify Clone.release.xcconfig */;
			buildSettings = {
				ASSETCATALOG_COMPILER_APPICON_NAME = AppIcon;
				ASSETCATALOG_COMPILER_GLOBAL_ACCENT_COLOR_NAME = AccentColor;
				CODE_SIGN_STYLE = Automatic;
				CURRENT_PROJECT_VERSION = 1;
				DEVELOPMENT_TEAM = X9KNWKJCG9;
				GENERATE_INFOPLIST_FILE = YES;
				INFOPLIST_FILE = "Swift Spotify Clone/Info.plist";
				INFOPLIST_KEY_UIApplicationSupportsIndirectInputEvents = YES;
				INFOPLIST_KEY_UILaunchStoryboardName = LaunchScreen;
				INFOPLIST_KEY_UISupportedInterfaceOrientations_iPad = "UIInterfaceOrientationPortrait UIInterfaceOrientationPortraitUpsideDown UIInterfaceOrientationLandscapeLeft UIInterfaceOrientationLandscapeRight";
				INFOPLIST_KEY_UISupportedInterfaceOrientations_iPhone = "UIInterfaceOrientationPortrait UIInterfaceOrientationLandscapeLeft UIInterfaceOrientationLandscapeRight";
				IPHONEOS_DEPLOYMENT_TARGET = 13.0;
				LD_RUNPATH_SEARCH_PATHS = (
					"$(inherited)",
					"@executable_path/Frameworks",
				);
				MARKETING_VERSION = 1.0;
				PRODUCT_BUNDLE_IDENTIFIER = "com.efimov.spotify.clone.app.Swift-Spotify-Clone";
				PRODUCT_NAME = "$(TARGET_NAME)";
				SWIFT_EMIT_LOC_STRINGS = YES;
				SWIFT_VERSION = 5.0;
				TARGETED_DEVICE_FAMILY = "1,2";
			};
			name = Release;
		};
/* End XCBuildConfiguration section */

/* Begin XCConfigurationList section */
		F813B934276FD38D0077216F /* Build configuration list for PBXProject "Swift Spotify Clone" */ = {
			isa = XCConfigurationList;
			buildConfigurations = (
				F813B94B276FD38D0077216F /* Debug */,
				F813B94C276FD38D0077216F /* Release */,
			);
			defaultConfigurationIsVisible = 0;
			defaultConfigurationName = Release;
		};
		F813B94D276FD38D0077216F /* Build configuration list for PBXNativeTarget "Swift Spotify Clone" */ = {
			isa = XCConfigurationList;
			buildConfigurations = (
				F813B94E276FD38D0077216F /* Debug */,
				F813B94F276FD38D0077216F /* Release */,
			);
			defaultConfigurationIsVisible = 0;
			defaultConfigurationName = Release;
		};
/* End XCConfigurationList section */
	};
	rootObject = F813B931276FD38D0077216F /* Project object */;
}
